
Microsoft Visual Studio Solution File, Format Version 12.00
# Visual Studio 15
VisualStudioVersion = 15.0.35213.121
MinimumVisualStudioVersion = 10.0.40219.1
Project("{FAE04EC0-301F-11D3-BF4B-00C04F79EFBC}") = "SudokuKonsol", "SudokuKonsol\SudokuKonsol.csproj", "{EC77080D-6A7D-4A95-89AF-BF1F8150E588}"
EndProject
Global
	GlobalSection(SolutionConfigurationPlatforms) = preSolution
		Debug|Any CPU = Debug|Any CPU
		Release|Any CPU = Release|Any CPU
	EndGlobalSection
	GlobalSection(ProjectConfigurationPlatforms) = postSolution
		{EC77080D-6A7D-4A95-89AF-BF1F8150E588}.Debug|Any CPU.ActiveCfg = Debug|Any CPU
		{EC77080D-6A7D-4A95-89AF-BF1F8150E588}.Debug|Any CPU.Build.0 = Debug|Any CPU
		{EC77080D-6A7D-4A95-89AF-BF1F8150E588}.Release|Any CPU.ActiveCfg = Release|Any CPU
		{EC77080D-6A7D-4A95-89AF-BF1F8150E588}.Release|Any CPU.Build.0 = Release|Any CPU
	EndGlobalSection
	GlobalSection(SolutionProperties) = preSolution
		HideSolutionNode = FALSE
	EndGlobalSection
	GlobalSection(ExtensibilityGlobals) = postSolution
		SolutionGuid = {A1B98F76-DCD5-42D6-BD0F-CB883F2748B0}
	EndGlobalSection
EndGlobal
